// !$*UTF8*$!
{
	archiveVersion = 1;
	classes = {
	};
	objectVersion = 56;
	objects = {

/* Begin PBXBuildFile section */
		C9082E1129F0125200C49533 /* AppDelegate.swift in Sources */ = {isa = PBXBuildFile; fileRef = C9082E1029F0125200C49533 /* AppDelegate.swift */; };
		C9082E1329F0125200C49533 /* SceneDelegate.swift in Sources */ = {isa = PBXBuildFile; fileRef = C9082E1229F0125200C49533 /* SceneDelegate.swift */; };
		C9082E1529F0125200C49533 /* ViewController.swift in Sources */ = {isa = PBXBuildFile; fileRef = C9082E1429F0125200C49533 /* ViewController.swift */; };
		C9082E1829F0125200C49533 /* Main.storyboard in Resources */ = {isa = PBXBuildFile; fileRef = C9082E1629F0125200C49533 /* Main.storyboard */; };
		C9082E1A29F0125300C49533 /* Assets.xcassets in Resources */ = {isa = PBXBuildFile; fileRef = C9082E1929F0125300C49533 /* Assets.xcassets */; };
		C9082E1D29F0125300C49533 /* LaunchScreen.storyboard in Resources */ = {isa = PBXBuildFile; fileRef = C9082E1B29F0125300C49533 /* LaunchScreen.storyboard */; };
		C9082E2629F160F100C49533 /* searchPopUpViewController.swift in Sources */ = {isa = PBXBuildFile; fileRef = C9082E2429F160F100C49533 /* searchPopUpViewController.swift */; };
		C9082E2729F160F100C49533 /* searchPopUpViewController.xib in Resources */ = {isa = PBXBuildFile; fileRef = C9082E2529F160F100C49533 /* searchPopUpViewController.xib */; };
		C9082E2A29F1803100C49533 /* tableViewCell.swift in Sources */ = {isa = PBXBuildFile; fileRef = C9082E2829F1803100C49533 /* tableViewCell.swift */; };
		C9082E2B29F1803100C49533 /* tableViewCell.xib in Resources */ = {isa = PBXBuildFile; fileRef = C9082E2929F1803100C49533 /* tableViewCell.xib */; };
		C965428229F6CC6F00451D33 /* searchHistoryViewController.swift in Sources */ = {isa = PBXBuildFile; fileRef = C965428029F6CC6F00451D33 /* searchHistoryViewController.swift */; };
		C965428329F6CC6F00451D33 /* searchHistoryViewController.xib in Resources */ = {isa = PBXBuildFile; fileRef = C965428129F6CC6F00451D33 /* searchHistoryViewController.xib */; };
		C965428A29F95DAC00451D33 /* annotationPopUpViewController.swift in Sources */ = {isa = PBXBuildFile; fileRef = C965428829F95DAC00451D33 /* annotationPopUpViewController.swift */; };
		C965428B29F95DAC00451D33 /* annotationPopUpViewController.xib in Resources */ = {isa = PBXBuildFile; fileRef = C965428929F95DAC00451D33 /* annotationPopUpViewController.xib */; };
		C965429129FBE9AA00451D33 /* DetailViewController.swift in Sources */ = {isa = PBXBuildFile; fileRef = C965429029FBE9AA00451D33 /* DetailViewController.swift */; };
		C965429429FD42F700451D33 /* CollectionViewCell.swift in Sources */ = {isa = PBXBuildFile; fileRef = C965429229FD42F700451D33 /* CollectionViewCell.swift */; };
		C965429529FD42F700451D33 /* CollectionViewCell.xib in Resources */ = {isa = PBXBuildFile; fileRef = C965429329FD42F700451D33 /* CollectionViewCell.xib */; };
		C9F7EA5A29FEA9B80044ECAA /* photoViewController.swift in Sources */ = {isa = PBXBuildFile; fileRef = C9F7EA5929FEA9B80044ECAA /* photoViewController.swift */; };
		CB79CB5699FC9595703D4E3D /* Pods_ExtraLab1.framework in Frameworks */ = {isa = PBXBuildFile; fileRef = 8FE7D20F25C672B658ABA4D1 /* Pods_ExtraLab1.framework */; };
/* End PBXBuildFile section */

/* Begin PBXFileReference section */
		727BC7B3B95020A4ED6841B7 /* Pods-ExtraLab1.release.xcconfig */ = {isa = PBXFileReference; includeInIndex = 1; lastKnownFileType = text.xcconfig; name = "Pods-ExtraLab1.release.xcconfig"; path = "Target Support Files/Pods-ExtraLab1/Pods-ExtraLab1.release.xcconfig"; sourceTree = "<group>"; };
		8FE7D20F25C672B658ABA4D1 /* Pods_ExtraLab1.framework */ = {isa = PBXFileReference; explicitFileType = wrapper.framework; includeInIndex = 0; path = Pods_ExtraLab1.framework; sourceTree = BUILT_PRODUCTS_DIR; };
		C9082E0D29F0125200C49533 /* ExtraLab1.app */ = {isa = PBXFileReference; explicitFileType = wrapper.application; includeInIndex = 0; path = ExtraLab1.app; sourceTree = BUILT_PRODUCTS_DIR; };
		C9082E1029F0125200C49533 /* AppDelegate.swift */ = {isa = PBXFileReference; lastKnownFileType = sourcecode.swift; path = AppDelegate.swift; sourceTree = "<group>"; };
		C9082E1229F0125200C49533 /* SceneDelegate.swift */ = {isa = PBXFileReference; lastKnownFileType = sourcecode.swift; path = SceneDelegate.swift; sourceTree = "<group>"; };
		C9082E1429F0125200C49533 /* ViewController.swift */ = {isa = PBXFileReference; lastKnownFileType = sourcecode.swift; path = ViewController.swift; sourceTree = "<group>"; };
		C9082E1729F0125200C49533 /* Base */ = {isa = PBXFileReference; lastKnownFileType = file.storyboard; name = Base; path = Base.lproj/Main.storyboard; sourceTree = "<group>"; };
		C9082E1929F0125300C49533 /* Assets.xcassets */ = {isa = PBXFileReference; lastKnownFileType = folder.assetcatalog; path = Assets.xcassets; sourceTree = "<group>"; };
		C9082E1C29F0125300C49533 /* Base */ = {isa = PBXFileReference; lastKnownFileType = file.storyboard; name = Base; path = Base.lproj/LaunchScreen.storyboard; sourceTree = "<group>"; };
		C9082E1E29F0125300C49533 /* Info.plist */ = {isa = PBXFileReference; lastKnownFileType = text.plist.xml; path = Info.plist; sourceTree = "<group>"; };
		C9082E2429F160F100C49533 /* searchPopUpViewController.swift */ = {isa = PBXFileReference; lastKnownFileType = sourcecode.swift; path = searchPopUpViewController.swift; sourceTree = "<group>"; };
		C9082E2529F160F100C49533 /* searchPopUpViewController.xib */ = {isa = PBXFileReference; lastKnownFileType = file.xib; path = searchPopUpViewController.xib; sourceTree = "<group>"; };
		C9082E2829F1803100C49533 /* tableViewCell.swift */ = {isa = PBXFileReference; lastKnownFileType = sourcecode.swift; path = tableViewCell.swift; sourceTree = "<group>"; };
		C9082E2929F1803100C49533 /* tableViewCell.xib */ = {isa = PBXFileReference; lastKnownFileType = file.xib; path = tableViewCell.xib; sourceTree = "<group>"; };
		C965428029F6CC6F00451D33 /* searchHistoryViewController.swift */ = {isa = PBXFileReference; lastKnownFileType = sourcecode.swift; path = searchHistoryViewController.swift; sourceTree = "<group>"; };
		C965428129F6CC6F00451D33 /* searchHistoryViewController.xib */ = {isa = PBXFileReference; lastKnownFileType = file.xib; path = searchHistoryViewController.xib; sourceTree = "<group>"; };
		C965428829F95DAC00451D33 /* annotationPopUpViewController.swift */ = {isa = PBXFileReference; lastKnownFileType = sourcecode.swift; path = annotationPopUpViewController.swift; sourceTree = "<group>"; };
		C965428929F95DAC00451D33 /* annotationPopUpViewController.xib */ = {isa = PBXFileReference; lastKnownFileType = file.xib; path = annotationPopUpViewController.xib; sourceTree = "<group>"; };
		C965429029FBE9AA00451D33 /* DetailViewController.swift */ = {isa = PBXFileReference; lastKnownFileType = sourcecode.swift; path = DetailViewController.swift; sourceTree = "<group>"; };
		C965429229FD42F700451D33 /* CollectionViewCell.swift */ = {isa = PBXFileReference; lastKnownFileType = sourcecode.swift; path = CollectionViewCell.swift; sourceTree = "<group>"; };
		C965429329FD42F700451D33 /* CollectionViewCell.xib */ = {isa = PBXFileReference; lastKnownFileType = file.xib; path = CollectionViewCell.xib; sourceTree = "<group>"; };
		C9F7EA5929FEA9B80044ECAA /* photoViewController.swift */ = {isa = PBXFileReference; lastKnownFileType = sourcecode.swift; path = photoViewController.swift; sourceTree = "<group>"; };
		F211F076FE1217155B8F35B3 /* Pods-ExtraLab1.debug.xcconfig */ = {isa = PBXFileReference; includeInIndex = 1; lastKnownFileType = text.xcconfig; name = "Pods-ExtraLab1.debug.xcconfig"; path = "Target Support Files/Pods-ExtraLab1/Pods-ExtraLab1.debug.xcconfig"; sourceTree = "<group>"; };
/* End PBXFileReference section */

/* Begin PBXFrameworksBuildPhase section */
		C9082E0A29F0125200C49533 /* Frameworks */ = {
			isa = PBXFrameworksBuildPhase;
			buildActionMask = 2147483647;
			files = (
				CB79CB5699FC9595703D4E3D /* Pods_ExtraLab1.framework in Frameworks */,
			);
			runOnlyForDeploymentPostprocessing = 0;
		};
/* End PBXFrameworksBuildPhase section */

/* Begin PBXGroup section */
		679E41AC3A67D8DCDA832AC5 /* Pods */ = {
			isa = PBXGroup;
			children = (
				F211F076FE1217155B8F35B3 /* Pods-ExtraLab1.debug.xcconfig */,
				727BC7B3B95020A4ED6841B7 /* Pods-ExtraLab1.release.xcconfig */,
			);
			path = Pods;
			sourceTree = "<group>";
		};
		C9082E0429F0125200C49533 = {
			isa = PBXGroup;
			children = (
				C9082E0F29F0125200C49533 /* ExtraLab1 */,
				C9082E0E29F0125200C49533 /* Products */,
				679E41AC3A67D8DCDA832AC5 /* Pods */,
				DE32C0C775E2A0BD81145C0E /* Frameworks */,
			);
			sourceTree = "<group>";
		};
		C9082E0E29F0125200C49533 /* Products */ = {
			isa = PBXGroup;
			children = (
				C9082E0D29F0125200C49533 /* ExtraLab1.app */,
			);
			name = Products;
			sourceTree = "<group>";
		};
		C9082E0F29F0125200C49533 /* ExtraLab1 */ = {
			isa = PBXGroup;
			children = (
				C9082E1029F0125200C49533 /* AppDelegate.swift */,
				C9082E1229F0125200C49533 /* SceneDelegate.swift */,
				C9082E1429F0125200C49533 /* ViewController.swift */,
				C9082E1629F0125200C49533 /* Main.storyboard */,
				C9082E1929F0125300C49533 /* Assets.xcassets */,
				C9082E1B29F0125300C49533 /* LaunchScreen.storyboard */,
				C9082E1E29F0125300C49533 /* Info.plist */,
				C9082E2429F160F100C49533 /* searchPopUpViewController.swift */,
				C9082E2529F160F100C49533 /* searchPopUpViewController.xib */,
				C9082E2829F1803100C49533 /* tableViewCell.swift */,
				C9082E2929F1803100C49533 /* tableViewCell.xib */,
				C965428029F6CC6F00451D33 /* searchHistoryViewController.swift */,
				C965428129F6CC6F00451D33 /* searchHistoryViewController.xib */,
				C965428829F95DAC00451D33 /* annotationPopUpViewController.swift */,
				C965428929F95DAC00451D33 /* annotationPopUpViewController.xib */,
				C965429029FBE9AA00451D33 /* DetailViewController.swift */,
				C965429229FD42F700451D33 /* CollectionViewCell.swift */,
				C965429329FD42F700451D33 /* CollectionViewCell.xib */,
				C9F7EA5929FEA9B80044ECAA /* photoViewController.swift */,
			);
			path = ExtraLab1;
			sourceTree = "<group>";
		};
		DE32C0C775E2A0BD81145C0E /* Frameworks */ = {
			isa = PBXGroup;
			children = (
				8FE7D20F25C672B658ABA4D1 /* Pods_ExtraLab1.framework */,
			);
			name = Frameworks;
			sourceTree = "<group>";
		};
/* End PBXGroup section */

/* Begin PBXNativeTarget section */
		C9082E0C29F0125200C49533 /* ExtraLab1 */ = {
			isa = PBXNativeTarget;
			buildConfigurationList = C9082E2129F0125300C49533 /* Build configuration list for PBXNativeTarget "ExtraLab1" */;
			buildPhases = (
				42ACCBBAD65B8A110B7BC811 /* [CP] Check Pods Manifest.lock */,
				C9082E0929F0125200C49533 /* Sources */,
				C9082E0A29F0125200C49533 /* Frameworks */,
				C9082E0B29F0125200C49533 /* Resources */,
				4A30A8AABF2521E452E82851 /* [CP] Embed Pods Frameworks */,
			);
			buildRules = (
			);
			dependencies = (
			);
			name = ExtraLab1;
			productName = ExtraLab1;
			productReference = C9082E0D29F0125200C49533 /* ExtraLab1.app */;
			productType = "com.apple.product-type.application";
		};
/* End PBXNativeTarget section */

/* Begin PBXProject section */
		C9082E0529F0125200C49533 /* Project object */ = {
			isa = PBXProject;
			attributes = {
				BuildIndependentTargetsInParallel = 1;
				LastSwiftUpdateCheck = 1430;
				LastUpgradeCheck = 1430;
				TargetAttributes = {
					C9082E0C29F0125200C49533 = {
						CreatedOnToolsVersion = 14.3;
					};
				};
			};
			buildConfigurationList = C9082E0829F0125200C49533 /* Build configuration list for PBXProject "ExtraLab1" */;
			compatibilityVersion = "Xcode 14.0";
			developmentRegion = en;
			hasScannedForEncodings = 0;
			knownRegions = (
				en,
				Base,
			);
			mainGroup = C9082E0429F0125200C49533;
			productRefGroup = C9082E0E29F0125200C49533 /* Products */;
			projectDirPath = "";
			projectRoot = "";
			targets = (
				C9082E0C29F0125200C49533 /* ExtraLab1 */,
			);
		};
/* End PBXProject section */

/* Begin PBXResourcesBuildPhase section */
		C9082E0B29F0125200C49533 /* Resources */ = {
			isa = PBXResourcesBuildPhase;
			buildActionMask = 2147483647;
			files = (
				C9082E1D29F0125300C49533 /* LaunchScreen.storyboard in Resources */,
				C9082E2B29F1803100C49533 /* tableViewCell.xib in Resources */,
				C9082E1A29F0125300C49533 /* Assets.xcassets in Resources */,
				C965428329F6CC6F00451D33 /* searchHistoryViewController.xib in Resources */,
				C9082E1829F0125200C49533 /* Main.storyboard in Resources */,
				C9082E2729F160F100C49533 /* searchPopUpViewController.xib in Resources */,
				C965429529FD42F700451D33 /* CollectionViewCell.xib in Resources */,
				C965428B29F95DAC00451D33 /* annotationPopUpViewController.xib in Resources */,
			);
			runOnlyForDeploymentPostprocessing = 0;
		};
/* End PBXResourcesBuildPhase section */

/* Begin PBXShellScriptBuildPhase section */
		42ACCBBAD65B8A110B7BC811 /* [CP] Check Pods Manifest.lock */ = {
			isa = PBXShellScriptBuildPhase;
			buildActionMask = 2147483647;
			files = (
			);
			inputFileListPaths = (
			);
			inputPaths = (
				"${PODS_PODFILE_DIR_PATH}/Podfile.lock",
				"${PODS_ROOT}/Manifest.lock",
			);
			name = "[CP] Check Pods Manifest.lock";
			outputFileListPaths = (
			);
			outputPaths = (
				"$(DERIVED_FILE_DIR)/Pods-ExtraLab1-checkManifestLockResult.txt",
			);
			runOnlyForDeploymentPostprocessing = 0;
			shellPath = /bin/sh;
			shellScript = "diff \"${PODS_PODFILE_DIR_PATH}/Podfile.lock\" \"${PODS_ROOT}/Manifest.lock\" > /dev/null\nif [ $? != 0 ] ; then\n    # print error to STDERR\n    echo \"error: The sandbox is not in sync with the Podfile.lock. Run 'pod install' or update your CocoaPods installation.\" >&2\n    exit 1\nfi\n# This output is used by Xcode 'outputs' to avoid re-running this script phase.\necho \"SUCCESS\" > \"${SCRIPT_OUTPUT_FILE_0}\"\n";
			showEnvVarsInLog = 0;
		};
		4A30A8AABF2521E452E82851 /* [CP] Embed Pods Frameworks */ = {
			isa = PBXShellScriptBuildPhase;
			buildActionMask = 2147483647;
			files = (
			);
			inputFileListPaths = (
				"${PODS_ROOT}/Target Support Files/Pods-ExtraLab1/Pods-ExtraLab1-frameworks-${CONFIGURATION}-input-files.xcfilelist",
			);
			name = "[CP] Embed Pods Frameworks";
			outputFileListPaths = (
				"${PODS_ROOT}/Target Support Files/Pods-ExtraLab1/Pods-ExtraLab1-frameworks-${CONFIGURATION}-output-files.xcfilelist",
			);
			runOnlyForDeploymentPostprocessing = 0;
			shellPath = /bin/sh;
			shellScript = "\"${PODS_ROOT}/Target Support Files/Pods-ExtraLab1/Pods-ExtraLab1-frameworks.sh\"\n";
			showEnvVarsInLog = 0;
		};
/* End PBXShellScriptBuildPhase section */

/* Begin PBXSourcesBuildPhase section */
		C9082E0929F0125200C49533 /* Sources */ = {
			isa = PBXSourcesBuildPhase;
			buildActionMask = 2147483647;
			files = (
				C965428A29F95DAC00451D33 /* annotationPopUpViewController.swift in Sources */,
				C9082E1529F0125200C49533 /* ViewController.swift in Sources */,
				C965429429FD42F700451D33 /* CollectionViewCell.swift in Sources */,
				C965428229F6CC6F00451D33 /* searchHistoryViewController.swift in Sources */,
				C9082E2A29F1803100C49533 /* tableViewCell.swift in Sources */,
				C9F7EA5A29FEA9B80044ECAA /* photoViewController.swift in Sources */,
				C9082E1129F0125200C49533 /* AppDelegate.swift in Sources */,
				C9082E1329F0125200C49533 /* SceneDelegate.swift in Sources */,
				C9082E2629F160F100C49533 /* searchPopUpViewController.swift in Sources */,
				C965429129FBE9AA00451D33 /* DetailViewController.swift in Sources */,
			);
			runOnlyForDeploymentPostprocessing = 0;
		};
/* End PBXSourcesBuildPhase section */

/* Begin PBXVariantGroup section */
		C9082E1629F0125200C49533 /* Main.storyboard */ = {
			isa = PBXVariantGroup;
			children = (
				C9082E1729F0125200C49533 /* Base */,
			);
			name = Main.storyboard;
			sourceTree = "<group>";
		};
		C9082E1B29F0125300C49533 /* LaunchScreen.storyboard */ = {
			isa = PBXVariantGroup;
			children = (
				C9082E1C29F0125300C49533 /* Base */,
			);
			name = LaunchScreen.storyboard;
			sourceTree = "<group>";
		};
/* End PBXVariantGroup section */

/* Begin XCBuildConfiguration section */
		C9082E1F29F0125300C49533 /* Debug */ = {
			isa = XCBuildConfiguration;
			buildSettings = {
				ALWAYS_SEARCH_USER_PATHS = NO;
				CLANG_ANALYZER_NONNULL = YES;
				CLANG_ANALYZER_NUMBER_OBJECT_CONVERSION = YES_AGGRESSIVE;
				CLANG_CXX_LANGUAGE_STANDARD = "gnu++20";
				CLANG_ENABLE_MODULES = YES;
				CLANG_ENABLE_OBJC_ARC = YES;
				CLANG_ENABLE_OBJC_WEAK = YES;
				CLANG_WARN_BLOCK_CAPTURE_AUTORELEASING = YES;
				CLANG_WARN_BOOL_CONVERSION = YES;
				CLANG_WARN_COMMA = YES;
				CLANG_WARN_CONSTANT_CONVERSION = YES;
				CLANG_WARN_DEPRECATED_OBJC_IMPLEMENTATIONS = YES;
				CLANG_WARN_DIRECT_OBJC_ISA_USAGE = YES_ERROR;
				CLANG_WARN_DOCUMENTATION_COMMENTS = YES;
				CLANG_WARN_EMPTY_BODY = YES;
				CLANG_WARN_ENUM_CONVERSION = YES;
				CLANG_WARN_INFINITE_RECURSION = YES;
				CLANG_WARN_INT_CONVERSION = YES;
				CLANG_WARN_NON_LITERAL_NULL_CONVERSION = YES;
				CLANG_WARN_OBJC_IMPLICIT_RETAIN_SELF = YES;
				CLANG_WARN_OBJC_LITERAL_CONVERSION = YES;
				CLANG_WARN_OBJC_ROOT_CLASS = YES_ERROR;
				CLANG_WARN_QUOTED_INCLUDE_IN_FRAMEWORK_HEADER = YES;
				CLANG_WARN_RANGE_LOOP_ANALYSIS = YES;
				CLANG_WARN_STRICT_PROTOTYPES = YES;
				CLANG_WARN_SUSPICIOUS_MOVE = YES;
				CLANG_WARN_UNGUARDED_AVAILABILITY = YES_AGGRESSIVE;
				CLANG_WARN_UNREACHABLE_CODE = YES;
				CLANG_WARN__DUPLICATE_METHOD_MATCH = YES;
				COPY_PHASE_STRIP = NO;
				DEBUG_INFORMATION_FORMAT = dwarf;
				ENABLE_STRICT_OBJC_MSGSEND = YES;
				ENABLE_TESTABILITY = YES;
				GCC_C_LANGUAGE_STANDARD = gnu11;
				GCC_DYNAMIC_NO_PIC = NO;
				GCC_NO_COMMON_BLOCKS = YES;
				GCC_OPTIMIZATION_LEVEL = 0;
				GCC_PREPROCESSOR_DEFINITIONS = (
					"DEBUG=1",
					"$(inherited)",
				);
				GCC_WARN_64_TO_32_BIT_CONVERSION = YES;
				GCC_WARN_ABOUT_RETURN_TYPE = YES_ERROR;
				GCC_WARN_UNDECLARED_SELECTOR = YES;
				GCC_WARN_UNINITIALIZED_AUTOS = YES_AGGRESSIVE;
				GCC_WARN_UNUSED_FUNCTION = YES;
				GCC_WARN_UNUSED_VARIABLE = YES;
				IPHONEOS_DEPLOYMENT_TARGET = 16.4;
				MTL_ENABLE_DEBUG_INFO = INCLUDE_SOURCE;
				MTL_FAST_MATH = YES;
				ONLY_ACTIVE_ARCH = YES;
				SDKROOT = iphoneos;
				SWIFT_ACTIVE_COMPILATION_CONDITIONS = DEBUG;
				SWIFT_OPTIMIZATION_LEVEL = "-Onone";
			};
			name = Debug;
		};
		C9082E2029F0125300C49533 /* Release */ = {
			isa = XCBuildConfiguration;
			buildSettings = {
				ALWAYS_SEARCH_USER_PATHS = NO;
				CLANG_ANALYZER_NONNULL = YES;
				CLANG_ANALYZER_NUMBER_OBJECT_CONVERSION = YES_AGGRESSIVE;
				CLANG_CXX_LANGUAGE_STANDARD = "gnu++20";
				CLANG_ENABLE_MODULES = YES;
				CLANG_ENABLE_OBJC_ARC = YES;
				CLANG_ENABLE_OBJC_WEAK = YES;
				CLANG_WARN_BLOCK_CAPTURE_AUTORELEASING = YES;
				CLANG_WARN_BOOL_CONVERSION = YES;
				CLANG_WARN_COMMA = YES;
				CLANG_WARN_CONSTANT_CONVERSION = YES;
				CLANG_WARN_DEPRECATED_OBJC_IMPLEMENTATIONS = YES;
				CLANG_WARN_DIRECT_OBJC_ISA_USAGE = YES_ERROR;
				CLANG_WARN_DOCUMENTATION_COMMENTS = YES;
				CLANG_WARN_EMPTY_BODY = YES;
				CLANG_WARN_ENUM_CONVERSION = YES;
				CLANG_WARN_INFINITE_RECURSION = YES;
				CLANG_WARN_INT_CONVERSION = YES;
				CLANG_WARN_NON_LITERAL_NULL_CONVERSION = YES;
				CLANG_WARN_OBJC_IMPLICIT_RETAIN_SELF = YES;
				CLANG_WARN_OBJC_LITERAL_CONVERSION = YES;
				CLANG_WARN_OBJC_ROOT_CLASS = YES_ERROR;
				CLANG_WARN_QUOTED_INCLUDE_IN_FRAMEWORK_HEADER = YES;
				CLANG_WARN_RANGE_LOOP_ANALYSIS = YES;
				CLANG_WARN_STRICT_PROTOTYPES = YES;
				CLANG_WARN_SUSPICIOUS_MOVE = YES;
				CLANG_WARN_UNGUARDED_AVAILABILITY = YES_AGGRESSIVE;
				CLANG_WARN_UNREACHABLE_CODE = YES;
				CLANG_WARN__DUPLICATE_METHOD_MATCH = YES;
				COPY_PHASE_STRIP = NO;
				DEBUG_INFORMATION_FORMAT = "dwarf-with-dsym";
				ENABLE_NS_ASSERTIONS = NO;
				ENABLE_STRICT_OBJC_MSGSEND = YES;
				GCC_C_LANGUAGE_STANDARD = gnu11;
				GCC_NO_COMMON_BLOCKS = YES;
				GCC_WARN_64_TO_32_BIT_CONVERSION = YES;
				GCC_WARN_ABOUT_RETURN_TYPE = YES_ERROR;
				GCC_WARN_UNDECLARED_SELECTOR = YES;
				GCC_WARN_UNINITIALIZED_AUTOS = YES_AGGRESSIVE;
				GCC_WARN_UNUSED_FUNCTION = YES;
				GCC_WARN_UNUSED_VARIABLE = YES;
				IPHONEOS_DEPLOYMENT_TARGET = 16.4;
				MTL_ENABLE_DEBUG_INFO = NO;
				MTL_FAST_MATH = YES;
				SDKROOT = iphoneos;
				SWIFT_COMPILATION_MODE = wholemodule;
				SWIFT_OPTIMIZATION_LEVEL = "-O";
				VALIDATE_PRODUCT = YES;
			};
			name = Release;
		};
		C9082E2229F0125300C49533 /* Debug */ = {
			isa = XCBuildConfiguration;
			baseConfigurationReference = F211F076FE1217155B8F35B3 /* Pods-ExtraLab1.debug.xcconfig */;
			buildSettings = {
				ASSETCATALOG_COMPILER_APPICON_NAME = AppIcon;
				ASSETCATALOG_COMPILER_GLOBAL_ACCENT_COLOR_NAME = AccentColor;
				CODE_SIGN_STYLE = Automatic;
				CURRENT_PROJECT_VERSION = 1;
				DEVELOPMENT_TEAM = 4M6WN5V3KB;
				GENERATE_INFOPLIST_FILE = YES;
				INFOPLIST_FILE = ExtraLab1/Info.plist;
				INFOPLIST_KEY_NSLocationWhenInUseUsageDescription = "地圖需要取得使用者的位置才能正常運作，請問是否願意提供？";
				INFOPLIST_KEY_UIApplicationSupportsIndirectInputEvents = YES;
				INFOPLIST_KEY_UILaunchStoryboardName = LaunchScreen;
				INFOPLIST_KEY_UIMainStoryboardFile = Main;
				INFOPLIST_KEY_UISupportedInterfaceOrientations_iPad = "UIInterfaceOrientationPortrait UIInterfaceOrientationPortraitUpsideDown UIInterfaceOrientationLandscapeLeft UIInterfaceOrientationLandscapeRight";
				INFOPLIST_KEY_UISupportedInterfaceOrientations_iPhone = "UIInterfaceOrientationPortrait UIInterfaceOrientationLandscapeLeft UIInterfaceOrientationLandscapeRight";
				IPHONEOS_DEPLOYMENT_TARGET = 14.1;
				LD_RUNPATH_SEARCH_PATHS = (
					"$(inherited)",
					"@executable_path/Frameworks",
				);
				MARKETING_VERSION = 1.0;
				PRODUCT_BUNDLE_IDENTIFIER = order.ExtraLab11;
				PRODUCT_NAME = "$(TARGET_NAME)";
				SWIFT_EMIT_LOC_STRINGS = YES;
				SWIFT_VERSION = 5.0;
				TARGETED_DEVICE_FAMILY = "1,2";
			};
			name = Debug;
		};
		C9082E2329F0125300C49533 /* Release */ = {
			isa = XCBuildConfiguration;
			baseConfigurationReference = 727BC7B3B95020A4ED6841B7 /* Pods-ExtraLab1.release.xcconfig */;
			buildSettings = {
				ASSETCATALOG_COMPILER_APPICON_NAME = AppIcon;
				ASSETCATALOG_COMPILER_GLOBAL_ACCENT_COLOR_NAME = AccentColor;
				CODE_SIGN_STYLE = Automatic;
				CURRENT_PROJECT_VERSION = 1;
				DEVELOPMENT_TEAM = 4M6WN5V3KB;
				GENERATE_INFOPLIST_FILE = YES;
				INFOPLIST_FILE = ExtraLab1/Info.plist;
				INFOPLIST_KEY_NSLocationWhenInUseUsageDescription = "地圖需要取得使用者的位置才能正常運作，請問是否願意提供？";
				INFOPLIST_KEY_UIApplicationSupportsIndirectInputEvents = YES;
				INFOPLIST_KEY_UILaunchStoryboardName = LaunchScreen;
				INFOPLIST_KEY_UIMainStoryboardFile = Main;
				INFOPLIST_KEY_UISupportedInterfaceOrientations_iPad = "UIInterfaceOrientationPortrait UIInterfaceOrientationPortraitUpsideDown UIInterfaceOrientationLandscapeLeft UIInterfaceOrientationLandscapeRight";
				INFOPLIST_KEY_UISupportedInterfaceOrientations_iPhone = "UIInterfaceOrientationPortrait UIInterfaceOrientationLandscapeLeft UIInterfaceOrientationLandscapeRight";
				IPHONEOS_DEPLOYMENT_TARGET = 14.1;
				LD_RUNPATH_SEARCH_PATHS = (
					"$(inherited)",
					"@executable_path/Frameworks",
				);
				MARKETING_VERSION = 1.0;
				PRODUCT_BUNDLE_IDENTIFIER = order.ExtraLab11;
				PRODUCT_NAME = "$(TARGET_NAME)";
				SWIFT_EMIT_LOC_STRINGS = YES;
				SWIFT_VERSION = 5.0;
				TARGETED_DEVICE_FAMILY = "1,2";
			};
			name = Release;
		};
/* End XCBuildConfiguration section */

/* Begin XCConfigurationList section */
		C9082E0829F0125200C49533 /* Build configuration list for PBXProject "ExtraLab1" */ = {
			isa = XCConfigurationList;
			buildConfigurations = (
				C9082E1F29F0125300C49533 /* Debug */,
				C9082E2029F0125300C49533 /* Release */,
			);
			defaultConfigurationIsVisible = 0;
			defaultConfigurationName = Release;
		};
		C9082E2129F0125300C49533 /* Build configuration list for PBXNativeTarget "ExtraLab1" */ = {
			isa = XCConfigurationList;
			buildConfigurations = (
				C9082E2229F0125300C49533 /* Debug */,
				C9082E2329F0125300C49533 /* Release */,
			);
			defaultConfigurationIsVisible = 0;
			defaultConfigurationName = Release;
		};
/* End XCConfigurationList section */
	};
	rootObject = C9082E0529F0125200C49533 /* Project object */;
}
